// !$*UTF8*$!
{
	archiveVersion = 1;
	classes = {
	};
	objectVersion = 46;
	objects = {

/* Begin PBXBuildFile section */
		172062851B8BCD4C00311EB9 /* AppDelegate.swift in Sources */ = {isa = PBXBuildFile; fileRef = 172062841B8BCD4C00311EB9 /* AppDelegate.swift */; };
		172062871B8BCD4C00311EB9 /* ViewController.swift in Sources */ = {isa = PBXBuildFile; fileRef = 172062861B8BCD4C00311EB9 /* ViewController.swift */; };
		1720628A1B8BCD4C00311EB9 /* Main.storyboard in Resources */ = {isa = PBXBuildFile; fileRef = 172062881B8BCD4C00311EB9 /* Main.storyboard */; };
		1720628C1B8BCD4C00311EB9 /* Assets.xcassets in Resources */ = {isa = PBXBuildFile; fileRef = 1720628B1B8BCD4C00311EB9 /* Assets.xcassets */; };
		1720628F1B8BCD4C00311EB9 /* LaunchScreen.storyboard in Resources */ = {isa = PBXBuildFile; fileRef = 1720628D1B8BCD4C00311EB9 /* LaunchScreen.storyboard */; };
		172062971B8BCDA900311EB9 /* ColorCell.swift in Sources */ = {isa = PBXBuildFile; fileRef = 172062961B8BCDA900311EB9 /* ColorCell.swift */; };
/* End PBXBuildFile section */

/* Begin PBXFileReference section */
		172062811B8BCD4C00311EB9 /* Colors.app */ = {isa = PBXFileReference; explicitFileType = wrapper.application; includeInIndex = 0; path = Colors.app; sourceTree = BUILT_PRODUCTS_DIR; };
		172062841B8BCD4C00311EB9 /* AppDelegate.swift */ = {isa = PBXFileReference; lastKnownFileType = sourcecode.swift; path = AppDelegate.swift; sourceTree = "<group>"; };
		172062861B8BCD4C00311EB9 /* ViewController.swift */ = {isa = PBXFileReference; lastKnownFileType = sourcecode.swift; path = ViewController.swift; sourceTree = "<group>"; };
		172062891B8BCD4C00311EB9 /* Base */ = {isa = PBXFileReference; lastKnownFileType = file.storyboard; name = Base; path = Base.lproj/Main.storyboard; sourceTree = "<group>"; };
		1720628B1B8BCD4C00311EB9 /* Assets.xcassets */ = {isa = PBXFileReference; lastKnownFileType = folder.assetcatalog; path = Assets.xcassets; sourceTree = "<group>"; };
		1720628E1B8BCD4C00311EB9 /* Base */ = {isa = PBXFileReference; lastKnownFileType = file.storyboard; name = Base; path = Base.lproj/LaunchScreen.storyboard; sourceTree = "<group>"; };
		172062901B8BCD4C00311EB9 /* Info.plist */ = {isa = PBXFileReference; lastKnownFileType = text.plist.xml; path = Info.plist; sourceTree = "<group>"; };
		172062961B8BCDA900311EB9 /* ColorCell.swift */ = {isa = PBXFileReference; fileEncoding = 4; lastKnownFileType = sourcecode.swift; path = ColorCell.swift; sourceTree = "<group>"; };
/* End PBXFileReference section */

/* Begin PBXFrameworksBuildPhase section */
		1720627E1B8BCD4C00311EB9 /* Frameworks */ = {
			isa = PBXFrameworksBuildPhase;
			buildActionMask = 2147483647;
			files = (
			);
			runOnlyForDeploymentPostprocessing = 0;
		};
/* End PBXFrameworksBuildPhase section */

/* Begin PBXGroup section */
		172062781B8BCD4C00311EB9 = {
			isa = PBXGroup;
			children = (
				172062831B8BCD4C00311EB9 /* Colors */,
				172062821B8BCD4C00311EB9 /* Products */,
			);
			sourceTree = "<group>";
		};
		172062821B8BCD4C00311EB9 /* Products */ = {
			isa = PBXGroup;
			children = (
				172062811B8BCD4C00311EB9 /* Colors.app */,
			);
			name = Products;
			sourceTree = "<group>";
		};
		172062831B8BCD4C00311EB9 /* Colors */ = {
			isa = PBXGroup;
			children = (
				172062841B8BCD4C00311EB9 /* AppDelegate.swift */,
				172062861B8BCD4C00311EB9 /* ViewController.swift */,
				172062881B8BCD4C00311EB9 /* Main.storyboard */,
				172062961B8BCDA900311EB9 /* ColorCell.swift */,
				1720628B1B8BCD4C00311EB9 /* Assets.xcassets */,
				1720628D1B8BCD4C00311EB9 /* LaunchScreen.storyboard */,
				172062901B8BCD4C00311EB9 /* Info.plist */,
			);
			path = Colors;
			sourceTree = "<group>";
		};
/* End PBXGroup section */

/* Begin PBXNativeTarget section */
		172062801B8BCD4C00311EB9 /* Colors */ = {
			isa = PBXNativeTarget;
			buildConfigurationList = 172062931B8BCD4C00311EB9 /* Build configuration list for PBXNativeTarget "Colors" */;
			buildPhases = (
				1720627D1B8BCD4C00311EB9 /* Sources */,
				1720627E1B8BCD4C00311EB9 /* Frameworks */,
				1720627F1B8BCD4C00311EB9 /* Resources */,
			);
			buildRules = (
			);
			dependencies = (
			);
			name = Colors;
			productName = Colors;
			productReference = 172062811B8BCD4C00311EB9 /* Colors.app */;
			productType = "com.apple.product-type.application";
		};
/* End PBXNativeTarget section */

/* Begin PBXProject section */
		172062791B8BCD4C00311EB9 /* Project object */ = {
			isa = PBXProject;
			attributes = {
				LastUpgradeCheck = 0700;
				ORGANIZATIONNAME = b26;
				TargetAttributes = {
					172062801B8BCD4C00311EB9 = {
						CreatedOnToolsVersion = 7.0;
					};
				};
			};
			buildConfigurationList = 1720627C1B8BCD4C00311EB9 /* Build configuration list for PBXProject "Colors" */;
			compatibilityVersion = "Xcode 3.2";
			developmentRegion = English;
			hasScannedForEncodings = 0;
			knownRegions = (
				en,
				Base,
			);
			mainGroup = 172062781B8BCD4C00311EB9;
			productRefGroup = 172062821B8BCD4C00311EB9 /* Products */;
			projectDirPath = "";
			projectRoot = "";
			targets = (
				172062801B8BCD4C00311EB9 /* Colors */,
			);
		};
/* End PBXProject section */

/* Begin PBXResourcesBuildPhase section */
		1720627F1B8BCD4C00311EB9 /* Resources */ = {
			isa = PBXResourcesBuildPhase;
			buildActionMask = 2147483647;
			files = (
				1720628F1B8BCD4C00311EB9 /* LaunchScreen.storyboard in Resources */,
				1720628C1B8BCD4C00311EB9 /* Assets.xcassets in Resources */,
				1720628A1B8BCD4C00311EB9 /* Main.storyboard in Resources */,
			);
			runOnlyForDeploymentPostprocessing = 0;
		};
/* End PBXResourcesBuildPhase section */

/* Begin PBXSourcesBuildPhase section */
		1720627D1B8BCD4C00311EB9 /* Sources */ = {
			isa = PBXSourcesBuildPhase;
			buildActionMask = 2147483647;
			files = (
				172062871B8BCD4C00311EB9 /* ViewController.swift in Sources */,
				172062851B8BCD4C00311EB9 /* AppDelegate.swift in Sources */,
				172062971B8BCDA900311EB9 /* ColorCell.swift in Sources */,
			);
			runOnlyForDeploymentPostprocessing = 0;
		};
/* End PBXSourcesBuildPhase section */

/* Begin PBXVariantGroup section */
		172062881B8BCD4C00311EB9 /* Main.storyboard */ = {
			isa = PBXVariantGroup;
			children = (
				172062891B8BCD4C00311EB9 /* Base */,
			);
			name = Main.storyboard;
			sourceTree = "<group>";
		};
		1720628D1B8BCD4C00311EB9 /* LaunchScreen.storyboard */ = {
			isa = PBXVariantGroup;
			children = (
				1720628E1B8BCD4C00311EB9 /* Base */,
			);
			name = LaunchScreen.storyboard;
			sourceTree = "<group>";
		};
/* End PBXVariantGroup section */

/* Begin XCBuildConfiguration section */
		172062911B8BCD4C00311EB9 /* Debug */ = {
			isa = XCBuildConfiguration;
			buildSettings = {
				ALWAYS_SEARCH_USER_PATHS = NO;
				CLANG_CXX_LANGUAGE_STANDARD = "gnu++0x";
				CLANG_CXX_LIBRARY = "libc++";
				CLANG_ENABLE_MODULES = YES;
				CLANG_ENABLE_OBJC_ARC = YES;
				CLANG_WARN_BOOL_CONVERSION = YES;
				CLANG_WARN_CONSTANT_CONVERSION = YES;
				CLANG_WARN_DIRECT_OBJC_ISA_USAGE = YES_ERROR;
				CLANG_WARN_EMPTY_BODY = YES;
				CLANG_WARN_ENUM_CONVERSION = YES;
				CLANG_WARN_INT_CONVERSION = YES;
				CLANG_WARN_OBJC_ROOT_CLASS = YES_ERROR;
				CLANG_WARN_UNREACHABLE_CODE = YES;
				CLANG_WARN__DUPLICATE_METHOD_MATCH = YES;
				"CODE_SIGN_IDENTITY[sdk=iphoneos*]" = "iPhone Developer";
				COPY_PHASE_STRIP = NO;
				DEBUG_INFORMATION_FORMAT = dwarf;
				ENABLE_STRICT_OBJC_MSGSEND = YES;
				ENABLE_TESTABILITY = YES;
				GCC_C_LANGUAGE_STANDARD = gnu99;
				GCC_DYNAMIC_NO_PIC = NO;
				GCC_NO_COMMON_BLOCKS = YES;
				GCC_OPTIMIZATION_LEVEL = 0;
				GCC_PREPROCESSOR_DEFINITIONS = (
					"DEBUG=1",
					"$(inherited)",
				);
				GCC_WARN_64_TO_32_BIT_CONVERSION = YES;
				GCC_WARN_ABOUT_RETURN_TYPE = YES_ERROR;
				GCC_WARN_UNDECLARED_SELECTOR = YES;
				GCC_WARN_UNINITIALIZED_AUTOS = YES_AGGRESSIVE;
				GCC_WARN_UNUSED_FUNCTION = YES;
				GCC_WARN_UNUSED_VARIABLE = YES;
				IPHONEOS_DEPLOYMENT_TARGET = 9.0;
				MTL_ENABLE_DEBUG_INFO = YES;
				ONLY_ACTIVE_ARCH = YES;
				SDKROOT = iphoneos;
				SWIFT_OPTIMIZATION_LEVEL = "-Onone";
				TARGETED_DEVICE_FAMILY = "1,2";
			};
			name = Debug;
		};
		172062921B8BCD4C00311EB9 /* Release */ = {
			isa = XCBuildConfiguration;
			buildSettings = {
				ALWAYS_SEARCH_USER_PATHS = NO;
				CLANG_CXX_LANGUAGE_STANDARD = "gnu++0x";
				CLANG_CXX_LIBRARY = "libc++";
				CLANG_ENABLE_MODULES = YES;
				CLANG_ENABLE_OBJC_ARC = YES;
				CLANG_WARN_BOOL_CONVERSION = YES;
				CLANG_WARN_CONSTANT_CONVERSION = YES;
				CLANG_WARN_DIRECT_OBJC_ISA_USAGE = YES_ERROR;
				CLANG_WARN_EMPTY_BODY = YES;
				CLANG_WARN_ENUM_CONVERSION = YES;
				CLANG_WARN_INT_CONVERSION = YES;
				CLANG_WARN_OBJC_ROOT_CLASS = YES_ERROR;
				CLANG_WARN_UNREACHABLE_CODE = YES;
				CLANG_WARN__DUPLICATE_METHOD_MATCH = YES;
				"CODE_SIGN_IDENTITY[sdk=iphoneos*]" = "iPhone Developer";
				COPY_PHASE_STRIP = NO;
				DEBUG_INFORMATION_FORMAT = "dwarf-with-dsym";
				ENABLE_NS_ASSERTIONS = NO;
				ENABLE_STRICT_OBJC_MSGSEND = YES;
				GCC_C_LANGUAGE_STANDARD = gnu99;
				GCC_NO_COMMON_BLOCKS = YES;
				GCC_WARN_64_TO_32_BIT_CONVERSION = YES;
				GCC_WARN_ABOUT_RETURN_TYPE = YES_ERROR;
				GCC_WARN_UNDECLARED_SELECTOR = YES;
				GCC_WARN_UNINITIALIZED_AUTOS = YES_AGGRESSIVE;
				GCC_WARN_UNUSED_FUNCTION = YES;
				GCC_WARN_UNUSED_VARIABLE = YES;
				IPHONEOS_DEPLOYMENT_TARGET = 9.0;
				MTL_ENABLE_DEBUG_INFO = NO;
				SDKROOT = iphoneos;
				TARGETED_DEVICE_FAMILY = "1,2";
				VALIDATE_PRODUCT = YES;
			};
			name = Release;
		};
		172062941B8BCD4C00311EB9 /* Debug */ = {
			isa = XCBuildConfiguration;
			buildSettings = {
				ASSETCATALOG_COMPILER_APPICON_NAME = AppIcon;
				INFOPLIST_FILE = Colors/Info.plist;
				IPHONEOS_DEPLOYMENT_TARGET = 9.0;
				LD_RUNPATH_SEARCH_PATHS = "$(inherited) @executable_path/Frameworks";
				PRODUCT_BUNDLE_IDENTIFIER = co.b26.Colors;
				PRODUCT_NAME = "$(TARGET_NAME)";
			};
			name = Debug;
		};
		172062951B8BCD4C00311EB9 /* Release */ = {
			isa = XCBuildConfiguration;
			buildSettings = {
				ASSETCATALOG_COMPILER_APPICON_NAME = AppIcon;
				INFOPLIST_FILE = Colors/Info.plist;
				IPHONEOS_DEPLOYMENT_TARGET = 9.0;
				LD_RUNPATH_SEARCH_PATHS = "$(inherited) @executable_path/Frameworks";
				PRODUCT_BUNDLE_IDENTIFIER = co.b26.Colors;
				PRODUCT_NAME = "$(TARGET_NAME)";
			};
			name = Release;
		};
/* End XCBuildConfiguration section */

/* Begin XCConfigurationList section */
		1720627C1B8BCD4C00311EB9 /* Build configuration list for PBXProject "Colors" */ = {
			isa = XCConfigurationList;
			buildConfigurations = (
				172062911B8BCD4C00311EB9 /* Debug */,
				172062921B8BCD4C00311EB9 /* Release */,
			);
			defaultConfigurationIsVisible = 0;
			defaultConfigurationName = Release;
		};
		172062931B8BCD4C00311EB9 /* Build configuration list for PBXNativeTarget "Colors" */ = {
			isa = XCConfigurationList;
			buildConfigurations = (
				172062941B8BCD4C00311EB9 /* Debug */,
				172062951B8BCD4C00311EB9 /* Release */,
			);
			defaultConfigurationIsVisible = 0;
		};
/* End XCConfigurationList section */
	};
	rootObject = 172062791B8BCD4C00311EB9 /* Project object */;
}
